
Microsoft Visual Studio Solution File, Format Version 12.00
# Visual Studio 15
VisualStudioVersion = 15.0.27428.2011
MinimumVisualStudioVersion = 10.0.40219.1
Project("{FAE04EC0-301F-11D3-BF4B-00C04F79EFBC}") = "Lab5Dice", "Lab5Dice\Lab5Dice.csproj", "{7D578A6F-3D5A-47E9-B8DA-8DD3EF9B7516}"
EndProject
Global
	GlobalSection(SolutionConfigurationPlatforms) = preSolution
		Debug|Any CPU = Debug|Any CPU
		Release|Any CPU = Release|Any CPU
	EndGlobalSection
	GlobalSection(ProjectConfigurationPlatforms) = postSolution
		{7D578A6F-3D5A-47E9-B8DA-8DD3EF9B7516}.Debug|Any CPU.ActiveCfg = Debug|Any CPU
		{7D578A6F-3D5A-47E9-B8DA-8DD3EF9B7516}.Debug|Any CPU.Build.0 = Debug|Any CPU
		{7D578A6F-3D5A-47E9-B8DA-8DD3EF9B7516}.Release|Any CPU.ActiveCfg = Release|Any CPU
		{7D578A6F-3D5A-47E9-B8DA-8DD3EF9B7516}.Release|Any CPU.Build.0 = Release|Any CPU
	EndGlobalSection
	GlobalSection(SolutionProperties) = preSolution
		HideSolutionNode = FALSE
	EndGlobalSection
	GlobalSection(ExtensibilityGlobals) = postSolution
		SolutionGuid = {28ED3B8A-429A-4167-8123-3C8D1D887179}
	EndGlobalSection
EndGlobal
